// !$*UTF8*$!
{
	archiveVersion = 1;
	classes = {
	};
	objectVersion = 46;
	objects = {

/* Begin PBXBuildFile section */
		EA2573051DAA0779009F2AFA /* AppDelegate.swift in Sources */ = {isa = PBXBuildFile; fileRef = EA2573041DAA0779009F2AFA /* AppDelegate.swift */; };
		EA2573071DAA0779009F2AFA /* ViewController.swift in Sources */ = {isa = PBXBuildFile; fileRef = EA2573061DAA0779009F2AFA /* ViewController.swift */; };
		EA25730A1DAA0779009F2AFA /* Main.storyboard in Resources */ = {isa = PBXBuildFile; fileRef = EA2573081DAA0779009F2AFA /* Main.storyboard */; };
		EA25730C1DAA0779009F2AFA /* Assets.xcassets in Resources */ = {isa = PBXBuildFile; fileRef = EA25730B1DAA0779009F2AFA /* Assets.xcassets */; };
		EA25730F1DAA0779009F2AFA /* LaunchScreen.storyboard in Resources */ = {isa = PBXBuildFile; fileRef = EA25730D1DAA0779009F2AFA /* LaunchScreen.storyboard */; };
/* End PBXBuildFile section */

/* Begin PBXFileReference section */
		EA2573011DAA0779009F2AFA /* NetworkingBeginner.app */ = {isa = PBXFileReference; explicitFileType = wrapper.application; includeInIndex = 0; path = NetworkingBeginner.app; sourceTree = BUILT_PRODUCTS_DIR; };
		EA2573041DAA0779009F2AFA /* AppDelegate.swift */ = {isa = PBXFileReference; lastKnownFileType = sourcecode.swift; path = AppDelegate.swift; sourceTree = "<group>"; };
		EA2573061DAA0779009F2AFA /* ViewController.swift */ = {isa = PBXFileReference; lastKnownFileType = sourcecode.swift; path = ViewController.swift; sourceTree = "<group>"; };
		EA2573091DAA0779009F2AFA /* Base */ = {isa = PBXFileReference; lastKnownFileType = file.storyboard; name = Base; path = Base.lproj/Main.storyboard; sourceTree = "<group>"; };
		EA25730B1DAA0779009F2AFA /* Assets.xcassets */ = {isa = PBXFileReference; lastKnownFileType = folder.assetcatalog; path = Assets.xcassets; sourceTree = "<group>"; };
		EA25730E1DAA0779009F2AFA /* Base */ = {isa = PBXFileReference; lastKnownFileType = file.storyboard; name = Base; path = Base.lproj/LaunchScreen.storyboard; sourceTree = "<group>"; };
		EA2573101DAA0779009F2AFA /* Info.plist */ = {isa = PBXFileReference; lastKnownFileType = text.plist.xml; path = Info.plist; sourceTree = "<group>"; };
/* End PBXFileReference section */

/* Begin PBXFrameworksBuildPhase section */
		EA2572FE1DAA0779009F2AFA /* Frameworks */ = {
			isa = PBXFrameworksBuildPhase;
			buildActionMask = 2147483647;
			files = (
			);
			runOnlyForDeploymentPostprocessing = 0;
		};
/* End PBXFrameworksBuildPhase section */

/* Begin PBXGroup section */
		EA2572F81DAA0779009F2AFA = {
			isa = PBXGroup;
			children = (
				EA2573031DAA0779009F2AFA /* NetworkingBeginner */,
				EA2573021DAA0779009F2AFA /* Products */,
			);
			sourceTree = "<group>";
		};
		EA2573021DAA0779009F2AFA /* Products */ = {
			isa = PBXGroup;
			children = (
				EA2573011DAA0779009F2AFA /* NetworkingBeginner.app */,
			);
			name = Products;
			sourceTree = "<group>";
		};
		EA2573031DAA0779009F2AFA /* NetworkingBeginner */ = {
			isa = PBXGroup;
			children = (
				EA2573041DAA0779009F2AFA /* AppDelegate.swift */,
				EA2573061DAA0779009F2AFA /* ViewController.swift */,
				EA2573081DAA0779009F2AFA /* Main.storyboard */,
				EA25730B1DAA0779009F2AFA /* Assets.xcassets */,
				EA25730D1DAA0779009F2AFA /* LaunchScreen.storyboard */,
				EA2573101DAA0779009F2AFA /* Info.plist */,
			);
			path = NetworkingBeginner;
			sourceTree = "<group>";
		};
/* End PBXGroup section */

/* Begin PBXNativeTarget section */
		EA2573001DAA0779009F2AFA /* NetworkingBeginner */ = {
			isa = PBXNativeTarget;
			buildConfigurationList = EA2573131DAA0779009F2AFA /* Build configuration list for PBXNativeTarget "NetworkingBeginner" */;
			buildPhases = (
				EA2572FD1DAA0779009F2AFA /* Sources */,
				EA2572FE1DAA0779009F2AFA /* Frameworks */,
				EA2572FF1DAA0779009F2AFA /* Resources */,
			);
			buildRules = (
			);
			dependencies = (
			);
			name = NetworkingBeginner;
			productName = NetworkingBeginner;
			productReference = EA2573011DAA0779009F2AFA /* NetworkingBeginner.app */;
			productType = "com.apple.product-type.application";
		};
/* End PBXNativeTarget section */

/* Begin PBXProject section */
		EA2572F91DAA0779009F2AFA /* Project object */ = {
			isa = PBXProject;
			attributes = {
				LastSwiftUpdateCheck = 0800;
				LastUpgradeCheck = 0800;
				ORGANIZATIONNAME = smag;
				TargetAttributes = {
					EA2573001DAA0779009F2AFA = {
						CreatedOnToolsVersion = 8.0;
						DevelopmentTeam = K6X3R887QB;
						ProvisioningStyle = Automatic;
					};
				};
			};
			buildConfigurationList = EA2572FC1DAA0779009F2AFA /* Build configuration list for PBXProject "NetworkingBeginner" */;
			compatibilityVersion = "Xcode 3.2";
			developmentRegion = English;
			hasScannedForEncodings = 0;
			knownRegions = (
				en,
				Base,
			);
			mainGroup = EA2572F81DAA0779009F2AFA;
			productRefGroup = EA2573021DAA0779009F2AFA /* Products */;
			projectDirPath = "";
			projectRoot = "";
			targets = (
				EA2573001DAA0779009F2AFA /* NetworkingBeginner */,
			);
		};
/* End PBXProject section */

/* Begin PBXResourcesBuildPhase section */
		EA2572FF1DAA0779009F2AFA /* Resources */ = {
			isa = PBXResourcesBuildPhase;
			buildActionMask = 2147483647;
			files = (
				EA25730F1DAA0779009F2AFA /* LaunchScreen.storyboard in Resources */,
				EA25730C1DAA0779009F2AFA /* Assets.xcassets in Resources */,
				EA25730A1DAA0779009F2AFA /* Main.storyboard in Resources */,
			);
			runOnlyForDeploymentPostprocessing = 0;
		};
/* End PBXResourcesBuildPhase section */

/* Begin PBXSourcesBuildPhase section */
		EA2572FD1DAA0779009F2AFA /* Sources */ = {
			isa = PBXSourcesBuildPhase;
			buildActionMask = 2147483647;
			files = (
				EA2573071DAA0779009F2AFA /* ViewController.swift in Sources */,
				EA2573051DAA0779009F2AFA /* AppDelegate.swift in Sources */,
			);
			runOnlyForDeploymentPostprocessing = 0;
		};
/* End PBXSourcesBuildPhase section */

/* Begin PBXVariantGroup section */
		EA2573081DAA0779009F2AFA /* Main.storyboard */ = {
			isa = PBXVariantGroup;
			children = (
				EA2573091DAA0779009F2AFA /* Base */,
			);
			name = Main.storyboard;
			sourceTree = "<group>";
		};
		EA25730D1DAA0779009F2AFA /* LaunchScreen.storyboard */ = {
			isa = PBXVariantGroup;
			children = (
				EA25730E1DAA0779009F2AFA /* Base */,
			);
			name = LaunchScreen.storyboard;
			sourceTree = "<group>";
		};
/* End PBXVariantGroup section */

/* Begin XCBuildConfiguration section */
		EA2573111DAA0779009F2AFA /* Debug */ = {
			isa = XCBuildConfiguration;
			buildSettings = {
				ALWAYS_SEARCH_USER_PATHS = NO;
				CLANG_ANALYZER_NONNULL = YES;
				CLANG_CXX_LANGUAGE_STANDARD = "gnu++0x";
				CLANG_CXX_LIBRARY = "libc++";
				CLANG_ENABLE_MODULES = YES;
				CLANG_ENABLE_OBJC_ARC = YES;
				CLANG_WARN_BOOL_CONVERSION = YES;
				CLANG_WARN_CONSTANT_CONVERSION = YES;
				CLANG_WARN_DIRECT_OBJC_ISA_USAGE = YES_ERROR;
				CLANG_WARN_DOCUMENTATION_COMMENTS = YES;
				CLANG_WARN_EMPTY_BODY = YES;
				CLANG_WARN_ENUM_CONVERSION = YES;
				CLANG_WARN_INFINITE_RECURSION = YES;
				CLANG_WARN_INT_CONVERSION = YES;
				CLANG_WARN_OBJC_ROOT_CLASS = YES_ERROR;
				CLANG_WARN_SUSPICIOUS_MOVES = YES;
				CLANG_WARN_UNREACHABLE_CODE = YES;
				CLANG_WARN__DUPLICATE_METHOD_MATCH = YES;
				"CODE_SIGN_IDENTITY[sdk=iphoneos*]" = "iPhone Developer";
				COPY_PHASE_STRIP = NO;
				DEBUG_INFORMATION_FORMAT = dwarf;
				ENABLE_STRICT_OBJC_MSGSEND = YES;
				ENABLE_TESTABILITY = YES;
				GCC_C_LANGUAGE_STANDARD = gnu99;
				GCC_DYNAMIC_NO_PIC = NO;
				GCC_NO_COMMON_BLOCKS = YES;
				GCC_OPTIMIZATION_LEVEL = 0;
				GCC_PREPROCESSOR_DEFINITIONS = (
					"DEBUG=1",
					"$(inherited)",
				);
				GCC_WARN_64_TO_32_BIT_CONVERSION = YES;
				GCC_WARN_ABOUT_RETURN_TYPE = YES_ERROR;
				GCC_WARN_UNDECLARED_SELECTOR = YES;
				GCC_WARN_UNINITIALIZED_AUTOS = YES_AGGRESSIVE;
				GCC_WARN_UNUSED_FUNCTION = YES;
				GCC_WARN_UNUSED_VARIABLE = YES;
				IPHONEOS_DEPLOYMENT_TARGET = 10.0;
				MTL_ENABLE_DEBUG_INFO = YES;
				ONLY_ACTIVE_ARCH = YES;
				SDKROOT = iphoneos;
				SWIFT_ACTIVE_COMPILATION_CONDITIONS = DEBUG;
				SWIFT_OPTIMIZATION_LEVEL = "-Onone";
				TARGETED_DEVICE_FAMILY = "1,2";
			};
			name = Debug;
		};
		EA2573121DAA0779009F2AFA /* Release */ = {
			isa = XCBuildConfiguration;
			buildSettings = {
				ALWAYS_SEARCH_USER_PATHS = NO;
				CLANG_ANALYZER_NONNULL = YES;
				CLANG_CXX_LANGUAGE_STANDARD = "gnu++0x";
				CLANG_CXX_LIBRARY = "libc++";
				CLANG_ENABLE_MODULES = YES;
				CLANG_ENABLE_OBJC_ARC = YES;
				CLANG_WARN_BOOL_CONVERSION = YES;
				CLANG_WARN_CONSTANT_CONVERSION = YES;
				CLANG_WARN_DIRECT_OBJC_ISA_USAGE = YES_ERROR;
				CLANG_WARN_DOCUMENTATION_COMMENTS = YES;
				CLANG_WARN_EMPTY_BODY = YES;
				CLANG_WARN_ENUM_CONVERSION = YES;
				CLANG_WARN_INFINITE_RECURSION = YES;
				CLANG_WARN_INT_CONVERSION = YES;
				CLANG_WARN_OBJC_ROOT_CLASS = YES_ERROR;
				CLANG_WARN_SUSPICIOUS_MOVES = YES;
				CLANG_WARN_UNREACHABLE_CODE = YES;
				CLANG_WARN__DUPLICATE_METHOD_MATCH = YES;
				"CODE_SIGN_IDENTITY[sdk=iphoneos*]" = "iPhone Developer";
				COPY_PHASE_STRIP = NO;
				DEBUG_INFORMATION_FORMAT = "dwarf-with-dsym";
				ENABLE_NS_ASSERTIONS = NO;
				ENABLE_STRICT_OBJC_MSGSEND = YES;
				GCC_C_LANGUAGE_STANDARD = gnu99;
				GCC_NO_COMMON_BLOCKS = YES;
				GCC_WARN_64_TO_32_BIT_CONVERSION = YES;
				GCC_WARN_ABOUT_RETURN_TYPE = YES_ERROR;
				GCC_WARN_UNDECLARED_SELECTOR = YES;
				GCC_WARN_UNINITIALIZED_AUTOS = YES_AGGRESSIVE;
				GCC_WARN_UNUSED_FUNCTION = YES;
				GCC_WARN_UNUSED_VARIABLE = YES;
				IPHONEOS_DEPLOYMENT_TARGET = 10.0;
				MTL_ENABLE_DEBUG_INFO = NO;
				SDKROOT = iphoneos;
				SWIFT_OPTIMIZATION_LEVEL = "-Owholemodule";
				TARGETED_DEVICE_FAMILY = "1,2";
				VALIDATE_PRODUCT = YES;
			};
			name = Release;
		};
		EA2573141DAA0779009F2AFA /* Debug */ = {
			isa = XCBuildConfiguration;
			buildSettings = {
				ASSETCATALOG_COMPILER_APPICON_NAME = AppIcon;
				DEVELOPMENT_TEAM = K6X3R887QB;
				INFOPLIST_FILE = NetworkingBeginner/Info.plist;
				LD_RUNPATH_SEARCH_PATHS = "$(inherited) @executable_path/Frameworks";
				PRODUCT_BUNDLE_IDENTIFIER = com.smag.NetworkingBeginner;
				PRODUCT_NAME = "$(TARGET_NAME)";
				SWIFT_VERSION = 3.0;
			};
			name = Debug;
		};
		EA2573151DAA0779009F2AFA /* Release */ = {
			isa = XCBuildConfiguration;
			buildSettings = {
				ASSETCATALOG_COMPILER_APPICON_NAME = AppIcon;
				DEVELOPMENT_TEAM = K6X3R887QB;
				INFOPLIST_FILE = NetworkingBeginner/Info.plist;
				LD_RUNPATH_SEARCH_PATHS = "$(inherited) @executable_path/Frameworks";
				PRODUCT_BUNDLE_IDENTIFIER = com.smag.NetworkingBeginner;
				PRODUCT_NAME = "$(TARGET_NAME)";
				SWIFT_VERSION = 3.0;
			};
			name = Release;
		};
/* End XCBuildConfiguration section */

/* Begin XCConfigurationList section */
		EA2572FC1DAA0779009F2AFA /* Build configuration list for PBXProject "NetworkingBeginner" */ = {
			isa = XCConfigurationList;
			buildConfigurations = (
				EA2573111DAA0779009F2AFA /* Debug */,
				EA2573121DAA0779009F2AFA /* Release */,
			);
			defaultConfigurationIsVisible = 0;
			defaultConfigurationName = Release;
		};
		EA2573131DAA0779009F2AFA /* Build configuration list for PBXNativeTarget "NetworkingBeginner" */ = {
			isa = XCConfigurationList;
			buildConfigurations = (
				EA2573141DAA0779009F2AFA /* Debug */,
				EA2573151DAA0779009F2AFA /* Release */,
			);
			defaultConfigurationIsVisible = 0;
		};
/* End XCConfigurationList section */
	};
	rootObject = EA2572F91DAA0779009F2AFA /* Project object */;
}
