// !$*UTF8*$!
{
	archiveVersion = 1;
	classes = {
	};
	objectVersion = 46;
	objects = {

/* Begin PBXBuildFile section */
		EA809E4C1DBB5AEA00B0B0DC /* AppDelegate.swift in Sources */ = {isa = PBXBuildFile; fileRef = EA809E4B1DBB5AEA00B0B0DC /* AppDelegate.swift */; };
		EA809E4E1DBB5AEA00B0B0DC /* ViewController.swift in Sources */ = {isa = PBXBuildFile; fileRef = EA809E4D1DBB5AEA00B0B0DC /* ViewController.swift */; };
		EA809E511DBB5AEA00B0B0DC /* Main.storyboard in Resources */ = {isa = PBXBuildFile; fileRef = EA809E4F1DBB5AEA00B0B0DC /* Main.storyboard */; };
		EA809E531DBB5AEA00B0B0DC /* Assets.xcassets in Resources */ = {isa = PBXBuildFile; fileRef = EA809E521DBB5AEA00B0B0DC /* Assets.xcassets */; };
		EA809E561DBB5AEA00B0B0DC /* LaunchScreen.storyboard in Resources */ = {isa = PBXBuildFile; fileRef = EA809E541DBB5AEA00B0B0DC /* LaunchScreen.storyboard */; };
		EA809E5E1DBB5B4F00B0B0DC /* Car.swift in Sources */ = {isa = PBXBuildFile; fileRef = EA809E5D1DBB5B4F00B0B0DC /* Car.swift */; };
/* End PBXBuildFile section */

/* Begin PBXFileReference section */
		EA809E481DBB5AEA00B0B0DC /* driveme.app */ = {isa = PBXFileReference; explicitFileType = wrapper.application; includeInIndex = 0; path = driveme.app; sourceTree = BUILT_PRODUCTS_DIR; };
		EA809E4B1DBB5AEA00B0B0DC /* AppDelegate.swift */ = {isa = PBXFileReference; lastKnownFileType = sourcecode.swift; path = AppDelegate.swift; sourceTree = "<group>"; };
		EA809E4D1DBB5AEA00B0B0DC /* ViewController.swift */ = {isa = PBXFileReference; lastKnownFileType = sourcecode.swift; path = ViewController.swift; sourceTree = "<group>"; };
		EA809E501DBB5AEA00B0B0DC /* Base */ = {isa = PBXFileReference; lastKnownFileType = file.storyboard; name = Base; path = Base.lproj/Main.storyboard; sourceTree = "<group>"; };
		EA809E521DBB5AEA00B0B0DC /* Assets.xcassets */ = {isa = PBXFileReference; lastKnownFileType = folder.assetcatalog; path = Assets.xcassets; sourceTree = "<group>"; };
		EA809E551DBB5AEA00B0B0DC /* Base */ = {isa = PBXFileReference; lastKnownFileType = file.storyboard; name = Base; path = Base.lproj/LaunchScreen.storyboard; sourceTree = "<group>"; };
		EA809E571DBB5AEA00B0B0DC /* Info.plist */ = {isa = PBXFileReference; lastKnownFileType = text.plist.xml; path = Info.plist; sourceTree = "<group>"; };
		EA809E5D1DBB5B4F00B0B0DC /* Car.swift */ = {isa = PBXFileReference; fileEncoding = 4; lastKnownFileType = sourcecode.swift; path = Car.swift; sourceTree = "<group>"; };
/* End PBXFileReference section */

/* Begin PBXFrameworksBuildPhase section */
		EA809E451DBB5AEA00B0B0DC /* Frameworks */ = {
			isa = PBXFrameworksBuildPhase;
			buildActionMask = 2147483647;
			files = (
			);
			runOnlyForDeploymentPostprocessing = 0;
		};
/* End PBXFrameworksBuildPhase section */

/* Begin PBXGroup section */
		EA809E3F1DBB5AEA00B0B0DC = {
			isa = PBXGroup;
			children = (
				EA809E4A1DBB5AEA00B0B0DC /* driveme */,
				EA809E491DBB5AEA00B0B0DC /* Products */,
			);
			sourceTree = "<group>";
		};
		EA809E491DBB5AEA00B0B0DC /* Products */ = {
			isa = PBXGroup;
			children = (
				EA809E481DBB5AEA00B0B0DC /* driveme.app */,
			);
			name = Products;
			sourceTree = "<group>";
		};
		EA809E4A1DBB5AEA00B0B0DC /* driveme */ = {
			isa = PBXGroup;
			children = (
				EA809E4B1DBB5AEA00B0B0DC /* AppDelegate.swift */,
				EA809E4D1DBB5AEA00B0B0DC /* ViewController.swift */,
				EA809E5D1DBB5B4F00B0B0DC /* Car.swift */,
				EA809E4F1DBB5AEA00B0B0DC /* Main.storyboard */,
				EA809E521DBB5AEA00B0B0DC /* Assets.xcassets */,
				EA809E541DBB5AEA00B0B0DC /* LaunchScreen.storyboard */,
				EA809E571DBB5AEA00B0B0DC /* Info.plist */,
			);
			path = driveme;
			sourceTree = "<group>";
		};
/* End PBXGroup section */

/* Begin PBXNativeTarget section */
		EA809E471DBB5AEA00B0B0DC /* driveme */ = {
			isa = PBXNativeTarget;
			buildConfigurationList = EA809E5A1DBB5AEA00B0B0DC /* Build configuration list for PBXNativeTarget "driveme" */;
			buildPhases = (
				EA809E441DBB5AEA00B0B0DC /* Sources */,
				EA809E451DBB5AEA00B0B0DC /* Frameworks */,
				EA809E461DBB5AEA00B0B0DC /* Resources */,
			);
			buildRules = (
			);
			dependencies = (
			);
			name = driveme;
			productName = driveme;
			productReference = EA809E481DBB5AEA00B0B0DC /* driveme.app */;
			productType = "com.apple.product-type.application";
		};
/* End PBXNativeTarget section */

/* Begin PBXProject section */
		EA809E401DBB5AEA00B0B0DC /* Project object */ = {
			isa = PBXProject;
			attributes = {
				LastSwiftUpdateCheck = 0800;
				LastUpgradeCheck = 0800;
				ORGANIZATIONNAME = smag;
				TargetAttributes = {
					EA809E471DBB5AEA00B0B0DC = {
						CreatedOnToolsVersion = 8.0;
						DevelopmentTeam = K6X3R887QB;
						ProvisioningStyle = Automatic;
					};
				};
			};
			buildConfigurationList = EA809E431DBB5AEA00B0B0DC /* Build configuration list for PBXProject "driveme" */;
			compatibilityVersion = "Xcode 3.2";
			developmentRegion = English;
			hasScannedForEncodings = 0;
			knownRegions = (
				en,
				Base,
			);
			mainGroup = EA809E3F1DBB5AEA00B0B0DC;
			productRefGroup = EA809E491DBB5AEA00B0B0DC /* Products */;
			projectDirPath = "";
			projectRoot = "";
			targets = (
				EA809E471DBB5AEA00B0B0DC /* driveme */,
			);
		};
/* End PBXProject section */

/* Begin PBXResourcesBuildPhase section */
		EA809E461DBB5AEA00B0B0DC /* Resources */ = {
			isa = PBXResourcesBuildPhase;
			buildActionMask = 2147483647;
			files = (
				EA809E561DBB5AEA00B0B0DC /* LaunchScreen.storyboard in Resources */,
				EA809E531DBB5AEA00B0B0DC /* Assets.xcassets in Resources */,
				EA809E511DBB5AEA00B0B0DC /* Main.storyboard in Resources */,
			);
			runOnlyForDeploymentPostprocessing = 0;
		};
/* End PBXResourcesBuildPhase section */

/* Begin PBXSourcesBuildPhase section */
		EA809E441DBB5AEA00B0B0DC /* Sources */ = {
			isa = PBXSourcesBuildPhase;
			buildActionMask = 2147483647;
			files = (
				EA809E4E1DBB5AEA00B0B0DC /* ViewController.swift in Sources */,
				EA809E4C1DBB5AEA00B0B0DC /* AppDelegate.swift in Sources */,
				EA809E5E1DBB5B4F00B0B0DC /* Car.swift in Sources */,
			);
			runOnlyForDeploymentPostprocessing = 0;
		};
/* End PBXSourcesBuildPhase section */

/* Begin PBXVariantGroup section */
		EA809E4F1DBB5AEA00B0B0DC /* Main.storyboard */ = {
			isa = PBXVariantGroup;
			children = (
				EA809E501DBB5AEA00B0B0DC /* Base */,
			);
			name = Main.storyboard;
			sourceTree = "<group>";
		};
		EA809E541DBB5AEA00B0B0DC /* LaunchScreen.storyboard */ = {
			isa = PBXVariantGroup;
			children = (
				EA809E551DBB5AEA00B0B0DC /* Base */,
			);
			name = LaunchScreen.storyboard;
			sourceTree = "<group>";
		};
/* End PBXVariantGroup section */

/* Begin XCBuildConfiguration section */
		EA809E581DBB5AEA00B0B0DC /* Debug */ = {
			isa = XCBuildConfiguration;
			buildSettings = {
				ALWAYS_SEARCH_USER_PATHS = NO;
				CLANG_ANALYZER_NONNULL = YES;
				CLANG_CXX_LANGUAGE_STANDARD = "gnu++0x";
				CLANG_CXX_LIBRARY = "libc++";
				CLANG_ENABLE_MODULES = YES;
				CLANG_ENABLE_OBJC_ARC = YES;
				CLANG_WARN_BOOL_CONVERSION = YES;
				CLANG_WARN_CONSTANT_CONVERSION = YES;
				CLANG_WARN_DIRECT_OBJC_ISA_USAGE = YES_ERROR;
				CLANG_WARN_DOCUMENTATION_COMMENTS = YES;
				CLANG_WARN_EMPTY_BODY = YES;
				CLANG_WARN_ENUM_CONVERSION = YES;
				CLANG_WARN_INFINITE_RECURSION = YES;
				CLANG_WARN_INT_CONVERSION = YES;
				CLANG_WARN_OBJC_ROOT_CLASS = YES_ERROR;
				CLANG_WARN_SUSPICIOUS_MOVES = YES;
				CLANG_WARN_UNREACHABLE_CODE = YES;
				CLANG_WARN__DUPLICATE_METHOD_MATCH = YES;
				"CODE_SIGN_IDENTITY[sdk=iphoneos*]" = "iPhone Developer";
				COPY_PHASE_STRIP = NO;
				DEBUG_INFORMATION_FORMAT = dwarf;
				ENABLE_STRICT_OBJC_MSGSEND = YES;
				ENABLE_TESTABILITY = YES;
				GCC_C_LANGUAGE_STANDARD = gnu99;
				GCC_DYNAMIC_NO_PIC = NO;
				GCC_NO_COMMON_BLOCKS = YES;
				GCC_OPTIMIZATION_LEVEL = 0;
				GCC_PREPROCESSOR_DEFINITIONS = (
					"DEBUG=1",
					"$(inherited)",
				);
				GCC_WARN_64_TO_32_BIT_CONVERSION = YES;
				GCC_WARN_ABOUT_RETURN_TYPE = YES_ERROR;
				GCC_WARN_UNDECLARED_SELECTOR = YES;
				GCC_WARN_UNINITIALIZED_AUTOS = YES_AGGRESSIVE;
				GCC_WARN_UNUSED_FUNCTION = YES;
				GCC_WARN_UNUSED_VARIABLE = YES;
				IPHONEOS_DEPLOYMENT_TARGET = 10.0;
				MTL_ENABLE_DEBUG_INFO = YES;
				ONLY_ACTIVE_ARCH = YES;
				SDKROOT = iphoneos;
				SWIFT_ACTIVE_COMPILATION_CONDITIONS = DEBUG;
				SWIFT_OPTIMIZATION_LEVEL = "-Onone";
				TARGETED_DEVICE_FAMILY = "1,2";
			};
			name = Debug;
		};
		EA809E591DBB5AEA00B0B0DC /* Release */ = {
			isa = XCBuildConfiguration;
			buildSettings = {
				ALWAYS_SEARCH_USER_PATHS = NO;
				CLANG_ANALYZER_NONNULL = YES;
				CLANG_CXX_LANGUAGE_STANDARD = "gnu++0x";
				CLANG_CXX_LIBRARY = "libc++";
				CLANG_ENABLE_MODULES = YES;
				CLANG_ENABLE_OBJC_ARC = YES;
				CLANG_WARN_BOOL_CONVERSION = YES;
				CLANG_WARN_CONSTANT_CONVERSION = YES;
				CLANG_WARN_DIRECT_OBJC_ISA_USAGE = YES_ERROR;
				CLANG_WARN_DOCUMENTATION_COMMENTS = YES;
				CLANG_WARN_EMPTY_BODY = YES;
				CLANG_WARN_ENUM_CONVERSION = YES;
				CLANG_WARN_INFINITE_RECURSION = YES;
				CLANG_WARN_INT_CONVERSION = YES;
				CLANG_WARN_OBJC_ROOT_CLASS = YES_ERROR;
				CLANG_WARN_SUSPICIOUS_MOVES = YES;
				CLANG_WARN_UNREACHABLE_CODE = YES;
				CLANG_WARN__DUPLICATE_METHOD_MATCH = YES;
				"CODE_SIGN_IDENTITY[sdk=iphoneos*]" = "iPhone Developer";
				COPY_PHASE_STRIP = NO;
				DEBUG_INFORMATION_FORMAT = "dwarf-with-dsym";
				ENABLE_NS_ASSERTIONS = NO;
				ENABLE_STRICT_OBJC_MSGSEND = YES;
				GCC_C_LANGUAGE_STANDARD = gnu99;
				GCC_NO_COMMON_BLOCKS = YES;
				GCC_WARN_64_TO_32_BIT_CONVERSION = YES;
				GCC_WARN_ABOUT_RETURN_TYPE = YES_ERROR;
				GCC_WARN_UNDECLARED_SELECTOR = YES;
				GCC_WARN_UNINITIALIZED_AUTOS = YES_AGGRESSIVE;
				GCC_WARN_UNUSED_FUNCTION = YES;
				GCC_WARN_UNUSED_VARIABLE = YES;
				IPHONEOS_DEPLOYMENT_TARGET = 10.0;
				MTL_ENABLE_DEBUG_INFO = NO;
				SDKROOT = iphoneos;
				SWIFT_OPTIMIZATION_LEVEL = "-Owholemodule";
				TARGETED_DEVICE_FAMILY = "1,2";
				VALIDATE_PRODUCT = YES;
			};
			name = Release;
		};
		EA809E5B1DBB5AEA00B0B0DC /* Debug */ = {
			isa = XCBuildConfiguration;
			buildSettings = {
				ASSETCATALOG_COMPILER_APPICON_NAME = AppIcon;
				DEVELOPMENT_TEAM = K6X3R887QB;
				INFOPLIST_FILE = driveme/Info.plist;
				LD_RUNPATH_SEARCH_PATHS = "$(inherited) @executable_path/Frameworks";
				PRODUCT_BUNDLE_IDENTIFIER = com.smag.driveme;
				PRODUCT_NAME = "$(TARGET_NAME)";
				SWIFT_VERSION = 3.0;
			};
			name = Debug;
		};
		EA809E5C1DBB5AEA00B0B0DC /* Release */ = {
			isa = XCBuildConfiguration;
			buildSettings = {
				ASSETCATALOG_COMPILER_APPICON_NAME = AppIcon;
				DEVELOPMENT_TEAM = K6X3R887QB;
				INFOPLIST_FILE = driveme/Info.plist;
				LD_RUNPATH_SEARCH_PATHS = "$(inherited) @executable_path/Frameworks";
				PRODUCT_BUNDLE_IDENTIFIER = com.smag.driveme;
				PRODUCT_NAME = "$(TARGET_NAME)";
				SWIFT_VERSION = 3.0;
			};
			name = Release;
		};
/* End XCBuildConfiguration section */

/* Begin XCConfigurationList section */
		EA809E431DBB5AEA00B0B0DC /* Build configuration list for PBXProject "driveme" */ = {
			isa = XCConfigurationList;
			buildConfigurations = (
				EA809E581DBB5AEA00B0B0DC /* Debug */,
				EA809E591DBB5AEA00B0B0DC /* Release */,
			);
			defaultConfigurationIsVisible = 0;
			defaultConfigurationName = Release;
		};
		EA809E5A1DBB5AEA00B0B0DC /* Build configuration list for PBXNativeTarget "driveme" */ = {
			isa = XCConfigurationList;
			buildConfigurations = (
				EA809E5B1DBB5AEA00B0B0DC /* Debug */,
				EA809E5C1DBB5AEA00B0B0DC /* Release */,
			);
			defaultConfigurationIsVisible = 0;
		};
/* End XCConfigurationList section */
	};
	rootObject = EA809E401DBB5AEA00B0B0DC /* Project object */;
}
