// !$*UTF8*$!
{
	archiveVersion = 1;
	classes = {
	};
	objectVersion = 46;
	objects = {

/* Begin PBXBuildFile section */
		EA1E561C1D97C01100A48A8E /* AppDelegate.swift in Sources */ = {isa = PBXBuildFile; fileRef = EA1E561B1D97C01100A48A8E /* AppDelegate.swift */; };
		EA1E561E1D97C01100A48A8E /* ViewController.swift in Sources */ = {isa = PBXBuildFile; fileRef = EA1E561D1D97C01100A48A8E /* ViewController.swift */; };
		EA1E56211D97C01100A48A8E /* Main.storyboard in Resources */ = {isa = PBXBuildFile; fileRef = EA1E561F1D97C01100A48A8E /* Main.storyboard */; };
		EA1E56231D97C01100A48A8E /* Assets.xcassets in Resources */ = {isa = PBXBuildFile; fileRef = EA1E56221D97C01100A48A8E /* Assets.xcassets */; };
		EA1E56261D97C01100A48A8E /* LaunchScreen.storyboard in Resources */ = {isa = PBXBuildFile; fileRef = EA1E56241D97C01100A48A8E /* LaunchScreen.storyboard */; };
		EA1E562E1D97C05000A48A8E /* seed.jpg in Resources */ = {isa = PBXBuildFile; fileRef = EA1E562D1D97C05000A48A8E /* seed.jpg */; };
		EA1E56301D97C05600A48A8E /* burger.jpg in Resources */ = {isa = PBXBuildFile; fileRef = EA1E562F1D97C05600A48A8E /* burger.jpg */; };
		EA1E56321D97C06800A48A8E /* pack.jpg in Resources */ = {isa = PBXBuildFile; fileRef = EA1E56311D97C06800A48A8E /* pack.jpg */; };
/* End PBXBuildFile section */

/* Begin PBXFileReference section */
		EA1E56181D97C01100A48A8E /* gallery.app */ = {isa = PBXFileReference; explicitFileType = wrapper.application; includeInIndex = 0; path = gallery.app; sourceTree = BUILT_PRODUCTS_DIR; };
		EA1E561B1D97C01100A48A8E /* AppDelegate.swift */ = {isa = PBXFileReference; lastKnownFileType = sourcecode.swift; path = AppDelegate.swift; sourceTree = "<group>"; };
		EA1E561D1D97C01100A48A8E /* ViewController.swift */ = {isa = PBXFileReference; lastKnownFileType = sourcecode.swift; path = ViewController.swift; sourceTree = "<group>"; };
		EA1E56201D97C01100A48A8E /* Base */ = {isa = PBXFileReference; lastKnownFileType = file.storyboard; name = Base; path = Base.lproj/Main.storyboard; sourceTree = "<group>"; };
		EA1E56221D97C01100A48A8E /* Assets.xcassets */ = {isa = PBXFileReference; lastKnownFileType = folder.assetcatalog; path = Assets.xcassets; sourceTree = "<group>"; };
		EA1E56251D97C01100A48A8E /* Base */ = {isa = PBXFileReference; lastKnownFileType = file.storyboard; name = Base; path = Base.lproj/LaunchScreen.storyboard; sourceTree = "<group>"; };
		EA1E56271D97C01100A48A8E /* Info.plist */ = {isa = PBXFileReference; lastKnownFileType = text.plist.xml; path = Info.plist; sourceTree = "<group>"; };
		EA1E562D1D97C05000A48A8E /* seed.jpg */ = {isa = PBXFileReference; lastKnownFileType = image.jpeg; path = seed.jpg; sourceTree = "<group>"; };
		EA1E562F1D97C05600A48A8E /* burger.jpg */ = {isa = PBXFileReference; lastKnownFileType = image.jpeg; path = burger.jpg; sourceTree = "<group>"; };
		EA1E56311D97C06800A48A8E /* pack.jpg */ = {isa = PBXFileReference; lastKnownFileType = image.jpeg; path = pack.jpg; sourceTree = "<group>"; };
/* End PBXFileReference section */

/* Begin PBXFrameworksBuildPhase section */
		EA1E56151D97C01100A48A8E /* Frameworks */ = {
			isa = PBXFrameworksBuildPhase;
			buildActionMask = 2147483647;
			files = (
			);
			runOnlyForDeploymentPostprocessing = 0;
		};
/* End PBXFrameworksBuildPhase section */

/* Begin PBXGroup section */
		EA1E560F1D97C01100A48A8E = {
			isa = PBXGroup;
			children = (
				EA1E561A1D97C01100A48A8E /* gallery */,
				EA1E56191D97C01100A48A8E /* Products */,
			);
			sourceTree = "<group>";
		};
		EA1E56191D97C01100A48A8E /* Products */ = {
			isa = PBXGroup;
			children = (
				EA1E56181D97C01100A48A8E /* gallery.app */,
			);
			name = Products;
			sourceTree = "<group>";
		};
		EA1E561A1D97C01100A48A8E /* gallery */ = {
			isa = PBXGroup;
			children = (
				EA1E561B1D97C01100A48A8E /* AppDelegate.swift */,
				EA1E561D1D97C01100A48A8E /* ViewController.swift */,
				EA1E562D1D97C05000A48A8E /* seed.jpg */,
				EA1E562F1D97C05600A48A8E /* burger.jpg */,
				EA1E56311D97C06800A48A8E /* pack.jpg */,
				EA1E561F1D97C01100A48A8E /* Main.storyboard */,
				EA1E56221D97C01100A48A8E /* Assets.xcassets */,
				EA1E56241D97C01100A48A8E /* LaunchScreen.storyboard */,
				EA1E56271D97C01100A48A8E /* Info.plist */,
			);
			path = gallery;
			sourceTree = "<group>";
		};
/* End PBXGroup section */

/* Begin PBXNativeTarget section */
		EA1E56171D97C01100A48A8E /* gallery */ = {
			isa = PBXNativeTarget;
			buildConfigurationList = EA1E562A1D97C01100A48A8E /* Build configuration list for PBXNativeTarget "gallery" */;
			buildPhases = (
				EA1E56141D97C01100A48A8E /* Sources */,
				EA1E56151D97C01100A48A8E /* Frameworks */,
				EA1E56161D97C01100A48A8E /* Resources */,
			);
			buildRules = (
			);
			dependencies = (
			);
			name = gallery;
			productName = gallery;
			productReference = EA1E56181D97C01100A48A8E /* gallery.app */;
			productType = "com.apple.product-type.application";
		};
/* End PBXNativeTarget section */

/* Begin PBXProject section */
		EA1E56101D97C01100A48A8E /* Project object */ = {
			isa = PBXProject;
			attributes = {
				LastSwiftUpdateCheck = 0800;
				LastUpgradeCheck = 0800;
				ORGANIZATIONNAME = smag;
				TargetAttributes = {
					EA1E56171D97C01100A48A8E = {
						CreatedOnToolsVersion = 8.0;
						DevelopmentTeam = K6X3R887QB;
						ProvisioningStyle = Automatic;
					};
				};
			};
			buildConfigurationList = EA1E56131D97C01100A48A8E /* Build configuration list for PBXProject "gallery" */;
			compatibilityVersion = "Xcode 3.2";
			developmentRegion = English;
			hasScannedForEncodings = 0;
			knownRegions = (
				en,
				Base,
			);
			mainGroup = EA1E560F1D97C01100A48A8E;
			productRefGroup = EA1E56191D97C01100A48A8E /* Products */;
			projectDirPath = "";
			projectRoot = "";
			targets = (
				EA1E56171D97C01100A48A8E /* gallery */,
			);
		};
/* End PBXProject section */

/* Begin PBXResourcesBuildPhase section */
		EA1E56161D97C01100A48A8E /* Resources */ = {
			isa = PBXResourcesBuildPhase;
			buildActionMask = 2147483647;
			files = (
				EA1E56261D97C01100A48A8E /* LaunchScreen.storyboard in Resources */,
				EA1E56301D97C05600A48A8E /* burger.jpg in Resources */,
				EA1E56231D97C01100A48A8E /* Assets.xcassets in Resources */,
				EA1E562E1D97C05000A48A8E /* seed.jpg in Resources */,
				EA1E56321D97C06800A48A8E /* pack.jpg in Resources */,
				EA1E56211D97C01100A48A8E /* Main.storyboard in Resources */,
			);
			runOnlyForDeploymentPostprocessing = 0;
		};
/* End PBXResourcesBuildPhase section */

/* Begin PBXSourcesBuildPhase section */
		EA1E56141D97C01100A48A8E /* Sources */ = {
			isa = PBXSourcesBuildPhase;
			buildActionMask = 2147483647;
			files = (
				EA1E561E1D97C01100A48A8E /* ViewController.swift in Sources */,
				EA1E561C1D97C01100A48A8E /* AppDelegate.swift in Sources */,
			);
			runOnlyForDeploymentPostprocessing = 0;
		};
/* End PBXSourcesBuildPhase section */

/* Begin PBXVariantGroup section */
		EA1E561F1D97C01100A48A8E /* Main.storyboard */ = {
			isa = PBXVariantGroup;
			children = (
				EA1E56201D97C01100A48A8E /* Base */,
			);
			name = Main.storyboard;
			sourceTree = "<group>";
		};
		EA1E56241D97C01100A48A8E /* LaunchScreen.storyboard */ = {
			isa = PBXVariantGroup;
			children = (
				EA1E56251D97C01100A48A8E /* Base */,
			);
			name = LaunchScreen.storyboard;
			sourceTree = "<group>";
		};
/* End PBXVariantGroup section */

/* Begin XCBuildConfiguration section */
		EA1E56281D97C01100A48A8E /* Debug */ = {
			isa = XCBuildConfiguration;
			buildSettings = {
				ALWAYS_SEARCH_USER_PATHS = NO;
				CLANG_ANALYZER_NONNULL = YES;
				CLANG_CXX_LANGUAGE_STANDARD = "gnu++0x";
				CLANG_CXX_LIBRARY = "libc++";
				CLANG_ENABLE_MODULES = YES;
				CLANG_ENABLE_OBJC_ARC = YES;
				CLANG_WARN_BOOL_CONVERSION = YES;
				CLANG_WARN_CONSTANT_CONVERSION = YES;
				CLANG_WARN_DIRECT_OBJC_ISA_USAGE = YES_ERROR;
				CLANG_WARN_DOCUMENTATION_COMMENTS = YES;
				CLANG_WARN_EMPTY_BODY = YES;
				CLANG_WARN_ENUM_CONVERSION = YES;
				CLANG_WARN_INFINITE_RECURSION = YES;
				CLANG_WARN_INT_CONVERSION = YES;
				CLANG_WARN_OBJC_ROOT_CLASS = YES_ERROR;
				CLANG_WARN_SUSPICIOUS_MOVES = YES;
				CLANG_WARN_UNREACHABLE_CODE = YES;
				CLANG_WARN__DUPLICATE_METHOD_MATCH = YES;
				"CODE_SIGN_IDENTITY[sdk=iphoneos*]" = "iPhone Developer";
				COPY_PHASE_STRIP = NO;
				DEBUG_INFORMATION_FORMAT = dwarf;
				ENABLE_STRICT_OBJC_MSGSEND = YES;
				ENABLE_TESTABILITY = YES;
				GCC_C_LANGUAGE_STANDARD = gnu99;
				GCC_DYNAMIC_NO_PIC = NO;
				GCC_NO_COMMON_BLOCKS = YES;
				GCC_OPTIMIZATION_LEVEL = 0;
				GCC_PREPROCESSOR_DEFINITIONS = (
					"DEBUG=1",
					"$(inherited)",
				);
				GCC_WARN_64_TO_32_BIT_CONVERSION = YES;
				GCC_WARN_ABOUT_RETURN_TYPE = YES_ERROR;
				GCC_WARN_UNDECLARED_SELECTOR = YES;
				GCC_WARN_UNINITIALIZED_AUTOS = YES_AGGRESSIVE;
				GCC_WARN_UNUSED_FUNCTION = YES;
				GCC_WARN_UNUSED_VARIABLE = YES;
				IPHONEOS_DEPLOYMENT_TARGET = 10.0;
				MTL_ENABLE_DEBUG_INFO = YES;
				ONLY_ACTIVE_ARCH = YES;
				SDKROOT = iphoneos;
				SWIFT_ACTIVE_COMPILATION_CONDITIONS = DEBUG;
				SWIFT_OPTIMIZATION_LEVEL = "-Onone";
				TARGETED_DEVICE_FAMILY = "1,2";
			};
			name = Debug;
		};
		EA1E56291D97C01100A48A8E /* Release */ = {
			isa = XCBuildConfiguration;
			buildSettings = {
				ALWAYS_SEARCH_USER_PATHS = NO;
				CLANG_ANALYZER_NONNULL = YES;
				CLANG_CXX_LANGUAGE_STANDARD = "gnu++0x";
				CLANG_CXX_LIBRARY = "libc++";
				CLANG_ENABLE_MODULES = YES;
				CLANG_ENABLE_OBJC_ARC = YES;
				CLANG_WARN_BOOL_CONVERSION = YES;
				CLANG_WARN_CONSTANT_CONVERSION = YES;
				CLANG_WARN_DIRECT_OBJC_ISA_USAGE = YES_ERROR;
				CLANG_WARN_DOCUMENTATION_COMMENTS = YES;
				CLANG_WARN_EMPTY_BODY = YES;
				CLANG_WARN_ENUM_CONVERSION = YES;
				CLANG_WARN_INFINITE_RECURSION = YES;
				CLANG_WARN_INT_CONVERSION = YES;
				CLANG_WARN_OBJC_ROOT_CLASS = YES_ERROR;
				CLANG_WARN_SUSPICIOUS_MOVES = YES;
				CLANG_WARN_UNREACHABLE_CODE = YES;
				CLANG_WARN__DUPLICATE_METHOD_MATCH = YES;
				"CODE_SIGN_IDENTITY[sdk=iphoneos*]" = "iPhone Developer";
				COPY_PHASE_STRIP = NO;
				DEBUG_INFORMATION_FORMAT = "dwarf-with-dsym";
				ENABLE_NS_ASSERTIONS = NO;
				ENABLE_STRICT_OBJC_MSGSEND = YES;
				GCC_C_LANGUAGE_STANDARD = gnu99;
				GCC_NO_COMMON_BLOCKS = YES;
				GCC_WARN_64_TO_32_BIT_CONVERSION = YES;
				GCC_WARN_ABOUT_RETURN_TYPE = YES_ERROR;
				GCC_WARN_UNDECLARED_SELECTOR = YES;
				GCC_WARN_UNINITIALIZED_AUTOS = YES_AGGRESSIVE;
				GCC_WARN_UNUSED_FUNCTION = YES;
				GCC_WARN_UNUSED_VARIABLE = YES;
				IPHONEOS_DEPLOYMENT_TARGET = 10.0;
				MTL_ENABLE_DEBUG_INFO = NO;
				SDKROOT = iphoneos;
				SWIFT_OPTIMIZATION_LEVEL = "-Owholemodule";
				TARGETED_DEVICE_FAMILY = "1,2";
				VALIDATE_PRODUCT = YES;
			};
			name = Release;
		};
		EA1E562B1D97C01100A48A8E /* Debug */ = {
			isa = XCBuildConfiguration;
			buildSettings = {
				ASSETCATALOG_COMPILER_APPICON_NAME = AppIcon;
				DEVELOPMENT_TEAM = K6X3R887QB;
				INFOPLIST_FILE = gallery/Info.plist;
				LD_RUNPATH_SEARCH_PATHS = "$(inherited) @executable_path/Frameworks";
				PRODUCT_BUNDLE_IDENTIFIER = com.smag.gallery;
				PRODUCT_NAME = "$(TARGET_NAME)";
				SWIFT_VERSION = 3.0;
			};
			name = Debug;
		};
		EA1E562C1D97C01100A48A8E /* Release */ = {
			isa = XCBuildConfiguration;
			buildSettings = {
				ASSETCATALOG_COMPILER_APPICON_NAME = AppIcon;
				DEVELOPMENT_TEAM = K6X3R887QB;
				INFOPLIST_FILE = gallery/Info.plist;
				LD_RUNPATH_SEARCH_PATHS = "$(inherited) @executable_path/Frameworks";
				PRODUCT_BUNDLE_IDENTIFIER = com.smag.gallery;
				PRODUCT_NAME = "$(TARGET_NAME)";
				SWIFT_VERSION = 3.0;
			};
			name = Release;
		};
/* End XCBuildConfiguration section */

/* Begin XCConfigurationList section */
		EA1E56131D97C01100A48A8E /* Build configuration list for PBXProject "gallery" */ = {
			isa = XCConfigurationList;
			buildConfigurations = (
				EA1E56281D97C01100A48A8E /* Debug */,
				EA1E56291D97C01100A48A8E /* Release */,
			);
			defaultConfigurationIsVisible = 0;
			defaultConfigurationName = Release;
		};
		EA1E562A1D97C01100A48A8E /* Build configuration list for PBXNativeTarget "gallery" */ = {
			isa = XCConfigurationList;
			buildConfigurations = (
				EA1E562B1D97C01100A48A8E /* Debug */,
				EA1E562C1D97C01100A48A8E /* Release */,
			);
			defaultConfigurationIsVisible = 0;
			defaultConfigurationName = Release;
		};
/* End XCConfigurationList section */
	};
	rootObject = EA1E56101D97C01100A48A8E /* Project object */;
}
