// !$*UTF8*$!
{
	archiveVersion = 1;
	classes = {
	};
	objectVersion = 46;
	objects = {

/* Begin PBXBuildFile section */
		EA0847FB1DBAB67300B46FE6 /* AppDelegate.swift in Sources */ = {isa = PBXBuildFile; fileRef = EA0847FA1DBAB67300B46FE6 /* AppDelegate.swift */; };
		EA0847FD1DBAB67300B46FE6 /* ViewController.swift in Sources */ = {isa = PBXBuildFile; fileRef = EA0847FC1DBAB67300B46FE6 /* ViewController.swift */; };
		EA0848001DBAB67300B46FE6 /* Main.storyboard in Resources */ = {isa = PBXBuildFile; fileRef = EA0847FE1DBAB67300B46FE6 /* Main.storyboard */; };
		EA0848021DBAB67300B46FE6 /* Assets.xcassets in Resources */ = {isa = PBXBuildFile; fileRef = EA0848011DBAB67300B46FE6 /* Assets.xcassets */; };
		EA0848051DBAB67300B46FE6 /* LaunchScreen.storyboard in Resources */ = {isa = PBXBuildFile; fileRef = EA0848031DBAB67300B46FE6 /* LaunchScreen.storyboard */; };
		EA08480D1DBAB68000B46FE6 /* Minuteman_III_Launch_Control.JPG in Resources */ = {isa = PBXBuildFile; fileRef = EA08480C1DBAB68000B46FE6 /* Minuteman_III_Launch_Control.JPG */; };
		EA08480F1DBABA9100B46FE6 /* Trident_II_missile_image.jpg in Resources */ = {isa = PBXBuildFile; fileRef = EA08480E1DBABA9100B46FE6 /* Trident_II_missile_image.jpg */; };
/* End PBXBuildFile section */

/* Begin PBXFileReference section */
		EA0847F71DBAB67300B46FE6 /* button.app */ = {isa = PBXFileReference; explicitFileType = wrapper.application; includeInIndex = 0; path = button.app; sourceTree = BUILT_PRODUCTS_DIR; };
		EA0847FA1DBAB67300B46FE6 /* AppDelegate.swift */ = {isa = PBXFileReference; lastKnownFileType = sourcecode.swift; path = AppDelegate.swift; sourceTree = "<group>"; };
		EA0847FC1DBAB67300B46FE6 /* ViewController.swift */ = {isa = PBXFileReference; lastKnownFileType = sourcecode.swift; path = ViewController.swift; sourceTree = "<group>"; };
		EA0847FF1DBAB67300B46FE6 /* Base */ = {isa = PBXFileReference; lastKnownFileType = file.storyboard; name = Base; path = Base.lproj/Main.storyboard; sourceTree = "<group>"; };
		EA0848011DBAB67300B46FE6 /* Assets.xcassets */ = {isa = PBXFileReference; lastKnownFileType = folder.assetcatalog; path = Assets.xcassets; sourceTree = "<group>"; };
		EA0848041DBAB67300B46FE6 /* Base */ = {isa = PBXFileReference; lastKnownFileType = file.storyboard; name = Base; path = Base.lproj/LaunchScreen.storyboard; sourceTree = "<group>"; };
		EA0848061DBAB67300B46FE6 /* Info.plist */ = {isa = PBXFileReference; lastKnownFileType = text.plist.xml; path = Info.plist; sourceTree = "<group>"; };
		EA08480C1DBAB68000B46FE6 /* Minuteman_III_Launch_Control.JPG */ = {isa = PBXFileReference; lastKnownFileType = image.jpeg; path = Minuteman_III_Launch_Control.JPG; sourceTree = "<group>"; };
		EA08480E1DBABA9100B46FE6 /* Trident_II_missile_image.jpg */ = {isa = PBXFileReference; lastKnownFileType = image.jpeg; path = Trident_II_missile_image.jpg; sourceTree = "<group>"; };
/* End PBXFileReference section */

/* Begin PBXFrameworksBuildPhase section */
		EA0847F41DBAB67300B46FE6 /* Frameworks */ = {
			isa = PBXFrameworksBuildPhase;
			buildActionMask = 2147483647;
			files = (
			);
			runOnlyForDeploymentPostprocessing = 0;
		};
/* End PBXFrameworksBuildPhase section */

/* Begin PBXGroup section */
		EA0847EE1DBAB67300B46FE6 = {
			isa = PBXGroup;
			children = (
				EA0847F91DBAB67300B46FE6 /* button */,
				EA0847F81DBAB67300B46FE6 /* Products */,
			);
			sourceTree = "<group>";
		};
		EA0847F81DBAB67300B46FE6 /* Products */ = {
			isa = PBXGroup;
			children = (
				EA0847F71DBAB67300B46FE6 /* button.app */,
			);
			name = Products;
			sourceTree = "<group>";
		};
		EA0847F91DBAB67300B46FE6 /* button */ = {
			isa = PBXGroup;
			children = (
				EA0847FA1DBAB67300B46FE6 /* AppDelegate.swift */,
				EA0847FC1DBAB67300B46FE6 /* ViewController.swift */,
				EA0847FE1DBAB67300B46FE6 /* Main.storyboard */,
				EA08480E1DBABA9100B46FE6 /* Trident_II_missile_image.jpg */,
				EA08480C1DBAB68000B46FE6 /* Minuteman_III_Launch_Control.JPG */,
				EA0848011DBAB67300B46FE6 /* Assets.xcassets */,
				EA0848031DBAB67300B46FE6 /* LaunchScreen.storyboard */,
				EA0848061DBAB67300B46FE6 /* Info.plist */,
			);
			path = button;
			sourceTree = "<group>";
		};
/* End PBXGroup section */

/* Begin PBXNativeTarget section */
		EA0847F61DBAB67300B46FE6 /* button */ = {
			isa = PBXNativeTarget;
			buildConfigurationList = EA0848091DBAB67300B46FE6 /* Build configuration list for PBXNativeTarget "button" */;
			buildPhases = (
				EA0847F31DBAB67300B46FE6 /* Sources */,
				EA0847F41DBAB67300B46FE6 /* Frameworks */,
				EA0847F51DBAB67300B46FE6 /* Resources */,
			);
			buildRules = (
			);
			dependencies = (
			);
			name = button;
			productName = button;
			productReference = EA0847F71DBAB67300B46FE6 /* button.app */;
			productType = "com.apple.product-type.application";
		};
/* End PBXNativeTarget section */

/* Begin PBXProject section */
		EA0847EF1DBAB67300B46FE6 /* Project object */ = {
			isa = PBXProject;
			attributes = {
				LastSwiftUpdateCheck = 0800;
				LastUpgradeCheck = 0800;
				ORGANIZATIONNAME = smag;
				TargetAttributes = {
					EA0847F61DBAB67300B46FE6 = {
						CreatedOnToolsVersion = 8.0;
						DevelopmentTeam = K6X3R887QB;
						ProvisioningStyle = Automatic;
					};
				};
			};
			buildConfigurationList = EA0847F21DBAB67300B46FE6 /* Build configuration list for PBXProject "button" */;
			compatibilityVersion = "Xcode 3.2";
			developmentRegion = English;
			hasScannedForEncodings = 0;
			knownRegions = (
				en,
				Base,
			);
			mainGroup = EA0847EE1DBAB67300B46FE6;
			productRefGroup = EA0847F81DBAB67300B46FE6 /* Products */;
			projectDirPath = "";
			projectRoot = "";
			targets = (
				EA0847F61DBAB67300B46FE6 /* button */,
			);
		};
/* End PBXProject section */

/* Begin PBXResourcesBuildPhase section */
		EA0847F51DBAB67300B46FE6 /* Resources */ = {
			isa = PBXResourcesBuildPhase;
			buildActionMask = 2147483647;
			files = (
				EA0848051DBAB67300B46FE6 /* LaunchScreen.storyboard in Resources */,
				EA0848021DBAB67300B46FE6 /* Assets.xcassets in Resources */,
				EA08480D1DBAB68000B46FE6 /* Minuteman_III_Launch_Control.JPG in Resources */,
				EA0848001DBAB67300B46FE6 /* Main.storyboard in Resources */,
				EA08480F1DBABA9100B46FE6 /* Trident_II_missile_image.jpg in Resources */,
			);
			runOnlyForDeploymentPostprocessing = 0;
		};
/* End PBXResourcesBuildPhase section */

/* Begin PBXSourcesBuildPhase section */
		EA0847F31DBAB67300B46FE6 /* Sources */ = {
			isa = PBXSourcesBuildPhase;
			buildActionMask = 2147483647;
			files = (
				EA0847FD1DBAB67300B46FE6 /* ViewController.swift in Sources */,
				EA0847FB1DBAB67300B46FE6 /* AppDelegate.swift in Sources */,
			);
			runOnlyForDeploymentPostprocessing = 0;
		};
/* End PBXSourcesBuildPhase section */

/* Begin PBXVariantGroup section */
		EA0847FE1DBAB67300B46FE6 /* Main.storyboard */ = {
			isa = PBXVariantGroup;
			children = (
				EA0847FF1DBAB67300B46FE6 /* Base */,
			);
			name = Main.storyboard;
			sourceTree = "<group>";
		};
		EA0848031DBAB67300B46FE6 /* LaunchScreen.storyboard */ = {
			isa = PBXVariantGroup;
			children = (
				EA0848041DBAB67300B46FE6 /* Base */,
			);
			name = LaunchScreen.storyboard;
			sourceTree = "<group>";
		};
/* End PBXVariantGroup section */

/* Begin XCBuildConfiguration section */
		EA0848071DBAB67300B46FE6 /* Debug */ = {
			isa = XCBuildConfiguration;
			buildSettings = {
				ALWAYS_SEARCH_USER_PATHS = NO;
				CLANG_ANALYZER_NONNULL = YES;
				CLANG_CXX_LANGUAGE_STANDARD = "gnu++0x";
				CLANG_CXX_LIBRARY = "libc++";
				CLANG_ENABLE_MODULES = YES;
				CLANG_ENABLE_OBJC_ARC = YES;
				CLANG_WARN_BOOL_CONVERSION = YES;
				CLANG_WARN_CONSTANT_CONVERSION = YES;
				CLANG_WARN_DIRECT_OBJC_ISA_USAGE = YES_ERROR;
				CLANG_WARN_DOCUMENTATION_COMMENTS = YES;
				CLANG_WARN_EMPTY_BODY = YES;
				CLANG_WARN_ENUM_CONVERSION = YES;
				CLANG_WARN_INFINITE_RECURSION = YES;
				CLANG_WARN_INT_CONVERSION = YES;
				CLANG_WARN_OBJC_ROOT_CLASS = YES_ERROR;
				CLANG_WARN_SUSPICIOUS_MOVES = YES;
				CLANG_WARN_UNREACHABLE_CODE = YES;
				CLANG_WARN__DUPLICATE_METHOD_MATCH = YES;
				"CODE_SIGN_IDENTITY[sdk=iphoneos*]" = "iPhone Developer";
				COPY_PHASE_STRIP = NO;
				DEBUG_INFORMATION_FORMAT = dwarf;
				ENABLE_STRICT_OBJC_MSGSEND = YES;
				ENABLE_TESTABILITY = YES;
				GCC_C_LANGUAGE_STANDARD = gnu99;
				GCC_DYNAMIC_NO_PIC = NO;
				GCC_NO_COMMON_BLOCKS = YES;
				GCC_OPTIMIZATION_LEVEL = 0;
				GCC_PREPROCESSOR_DEFINITIONS = (
					"DEBUG=1",
					"$(inherited)",
				);
				GCC_WARN_64_TO_32_BIT_CONVERSION = YES;
				GCC_WARN_ABOUT_RETURN_TYPE = YES_ERROR;
				GCC_WARN_UNDECLARED_SELECTOR = YES;
				GCC_WARN_UNINITIALIZED_AUTOS = YES_AGGRESSIVE;
				GCC_WARN_UNUSED_FUNCTION = YES;
				GCC_WARN_UNUSED_VARIABLE = YES;
				IPHONEOS_DEPLOYMENT_TARGET = 10.0;
				MTL_ENABLE_DEBUG_INFO = YES;
				ONLY_ACTIVE_ARCH = YES;
				SDKROOT = iphoneos;
				SWIFT_ACTIVE_COMPILATION_CONDITIONS = DEBUG;
				SWIFT_OPTIMIZATION_LEVEL = "-Onone";
				TARGETED_DEVICE_FAMILY = "1,2";
			};
			name = Debug;
		};
		EA0848081DBAB67300B46FE6 /* Release */ = {
			isa = XCBuildConfiguration;
			buildSettings = {
				ALWAYS_SEARCH_USER_PATHS = NO;
				CLANG_ANALYZER_NONNULL = YES;
				CLANG_CXX_LANGUAGE_STANDARD = "gnu++0x";
				CLANG_CXX_LIBRARY = "libc++";
				CLANG_ENABLE_MODULES = YES;
				CLANG_ENABLE_OBJC_ARC = YES;
				CLANG_WARN_BOOL_CONVERSION = YES;
				CLANG_WARN_CONSTANT_CONVERSION = YES;
				CLANG_WARN_DIRECT_OBJC_ISA_USAGE = YES_ERROR;
				CLANG_WARN_DOCUMENTATION_COMMENTS = YES;
				CLANG_WARN_EMPTY_BODY = YES;
				CLANG_WARN_ENUM_CONVERSION = YES;
				CLANG_WARN_INFINITE_RECURSION = YES;
				CLANG_WARN_INT_CONVERSION = YES;
				CLANG_WARN_OBJC_ROOT_CLASS = YES_ERROR;
				CLANG_WARN_SUSPICIOUS_MOVES = YES;
				CLANG_WARN_UNREACHABLE_CODE = YES;
				CLANG_WARN__DUPLICATE_METHOD_MATCH = YES;
				"CODE_SIGN_IDENTITY[sdk=iphoneos*]" = "iPhone Developer";
				COPY_PHASE_STRIP = NO;
				DEBUG_INFORMATION_FORMAT = "dwarf-with-dsym";
				ENABLE_NS_ASSERTIONS = NO;
				ENABLE_STRICT_OBJC_MSGSEND = YES;
				GCC_C_LANGUAGE_STANDARD = gnu99;
				GCC_NO_COMMON_BLOCKS = YES;
				GCC_WARN_64_TO_32_BIT_CONVERSION = YES;
				GCC_WARN_ABOUT_RETURN_TYPE = YES_ERROR;
				GCC_WARN_UNDECLARED_SELECTOR = YES;
				GCC_WARN_UNINITIALIZED_AUTOS = YES_AGGRESSIVE;
				GCC_WARN_UNUSED_FUNCTION = YES;
				GCC_WARN_UNUSED_VARIABLE = YES;
				IPHONEOS_DEPLOYMENT_TARGET = 10.0;
				MTL_ENABLE_DEBUG_INFO = NO;
				SDKROOT = iphoneos;
				SWIFT_OPTIMIZATION_LEVEL = "-Owholemodule";
				TARGETED_DEVICE_FAMILY = "1,2";
				VALIDATE_PRODUCT = YES;
			};
			name = Release;
		};
		EA08480A1DBAB67300B46FE6 /* Debug */ = {
			isa = XCBuildConfiguration;
			buildSettings = {
				ASSETCATALOG_COMPILER_APPICON_NAME = AppIcon;
				DEVELOPMENT_TEAM = K6X3R887QB;
				INFOPLIST_FILE = button/Info.plist;
				LD_RUNPATH_SEARCH_PATHS = "$(inherited) @executable_path/Frameworks";
				PRODUCT_BUNDLE_IDENTIFIER = com.smag.button;
				PRODUCT_NAME = "$(TARGET_NAME)";
				SWIFT_VERSION = 3.0;
			};
			name = Debug;
		};
		EA08480B1DBAB67300B46FE6 /* Release */ = {
			isa = XCBuildConfiguration;
			buildSettings = {
				ASSETCATALOG_COMPILER_APPICON_NAME = AppIcon;
				DEVELOPMENT_TEAM = K6X3R887QB;
				INFOPLIST_FILE = button/Info.plist;
				LD_RUNPATH_SEARCH_PATHS = "$(inherited) @executable_path/Frameworks";
				PRODUCT_BUNDLE_IDENTIFIER = com.smag.button;
				PRODUCT_NAME = "$(TARGET_NAME)";
				SWIFT_VERSION = 3.0;
			};
			name = Release;
		};
/* End XCBuildConfiguration section */

/* Begin XCConfigurationList section */
		EA0847F21DBAB67300B46FE6 /* Build configuration list for PBXProject "button" */ = {
			isa = XCConfigurationList;
			buildConfigurations = (
				EA0848071DBAB67300B46FE6 /* Debug */,
				EA0848081DBAB67300B46FE6 /* Release */,
			);
			defaultConfigurationIsVisible = 0;
			defaultConfigurationName = Release;
		};
		EA0848091DBAB67300B46FE6 /* Build configuration list for PBXNativeTarget "button" */ = {
			isa = XCConfigurationList;
			buildConfigurations = (
				EA08480A1DBAB67300B46FE6 /* Debug */,
				EA08480B1DBAB67300B46FE6 /* Release */,
			);
			defaultConfigurationIsVisible = 0;
		};
/* End XCConfigurationList section */
	};
	rootObject = EA0847EF1DBAB67300B46FE6 /* Project object */;
}
